page_id: alarm_clock
image: /local/floorplan/examples/home-multi/alarm_clock.svg
#stylesheet: /local/floorplan/examples/home-multi/alarm_clock.css
log_level: warning

defaults:
  hover_over: false
  more_info: false

variables:
  - name: floorplan.hours
  - name: floorplan.minutes

startup:
  action:
    - service: floorplan.variable_set
      data:
        variable: floorplan.hours
        value_template: 'return parseInt(entities["input_datetime.alarm_time"].state.slice(0, 2));'
    - service: floorplan.variable_set
      data:
        variable: floorplan.minutes
        value_template: 'return parseInt(entities["input_datetime.alarm_time"].state.slice(3, 5));'

rules:
  - entity: input_datetime.alarm_time
    text_template: '${entity.state.slice(0, 5)}'

  - entities:
    - floorplan.hours
    - floorplan.minutes
    text_template: '${("0" + entity.state).slice(-2)}'

  - entity: floorplan.hours
    element: input_number.alarm_time_hours_up
    action:
      service: floorplan.variable_set
      data:
        variable: floorplan.hours
        value_template: '${(parseInt(entity.state) + 1) % 24}'

  - entity: floorplan.hours
    element: input_number.alarm_time_hours_down
    action:
      service: floorplan.variable_set
      data:
        variable: floorplan.hours
        value_template: '${((parseInt(entity.state) - 1) + 24) % 24}'

  - entity: floorplan.minutes
    element: input_number.alarm_time_minutes_up
    action:
      service: floorplan.variable_set
      data:
        variable: floorplan.minutes
        value_template: '${((parseInt(entity.state / 5) * 5) + 5) % 60}'

  - entity: floorplan.minutes
    element: input_number.alarm_time_minutes_down
    action:
      service: floorplan.variable_set
      data:
        variable: floorplan.minutes
        value_template: '${(((parseInt(entity.state / 5) * 5) - 5) + 60) % 60}'

  - element: save_alarm_time_button
    action:
      service: input_datetime.set_datetime
      data_template: '{ "entity_id": "input_datetime.alarm_time", "time": "${entities[`floorplan.hours`].state}:${entities[`floorplan.minutes`].state}" }'
